
Microsoft Visual Studio Solution File, Format Version 12.00
# Visual Studio Version 16
VisualStudioVersion = 16.0.28803.452
MinimumVisualStudioVersion = 10.0.40219.1
Project("{FAE04EC0-301F-11D3-BF4B-00C04F79EFBC}") = "Uebung05BodyMassIndex", "Uebung05BodyMassIndex\Uebung05BodyMassIndex.csproj", "{B1EF91E5-A57E-4609-AB37-44D826B7967F}"
EndProject
Global
	GlobalSection(SolutionConfigurationPlatforms) = preSolution
		Debug|Any CPU = Debug|Any CPU
		Release|Any CPU = Release|Any CPU
	EndGlobalSection
	GlobalSection(ProjectConfigurationPlatforms) = postSolution
		{B1EF91E5-A57E-4609-AB37-44D826B7967F}.Debug|Any CPU.ActiveCfg = Debug|Any CPU
		{B1EF91E5-A57E-4609-AB37-44D826B7967F}.Debug|Any CPU.Build.0 = Debug|Any CPU
		{B1EF91E5-A57E-4609-AB37-44D826B7967F}.Release|Any CPU.ActiveCfg = Release|Any CPU
		{B1EF91E5-A57E-4609-AB37-44D826B7967F}.Release|Any CPU.Build.0 = Release|Any CPU
	EndGlobalSection
	GlobalSection(SolutionProperties) = preSolution
		HideSolutionNode = FALSE
	EndGlobalSection
	GlobalSection(ExtensibilityGlobals) = postSolution
		SolutionGuid = {4E9702EE-9C33-4BE8-A55D-BDDF4E140D0E}
	EndGlobalSection
EndGlobal
